
Microsoft Visual Studio Solution File, Format Version 12.00
# Visual Studio 15
VisualStudioVersion = 15.0.27428.2005
MinimumVisualStudioVersion = 10.0.40219.1
Project("{9A19103F-16F7-4668-BE54-9A1E7A4F7556}") = "MyCqrsDemo.WebApi", "MyCqrsDemo.WebApi\MyCqrsDemo.WebApi.csproj", "{74ED8B18-9480-4E55-9877-18B6EDD692F4}"
EndProject
Project("{2150E333-8FDC-42A3-9474-1A3956D46DE8}") = "CrossCutting", "CrossCutting", "{C1A8765C-979C-474B-A04C-631C3636F066}"
EndProject
Project("{9A19103F-16F7-4668-BE54-9A1E7A4F7556}") = "MyCqrs.Infra.CrossCutting.Bus", "MyCqrsDemo.Infra.CrossCutting.Bus\MyCqrs.Infra.CrossCutting.Bus.csproj", "{90ED2129-76E3-46E0-A96A-6FC2B8F8A040}"
EndProject
Project("{9A19103F-16F7-4668-BE54-9A1E7A4F7556}") = "MyCqrsDemo.Application", "MyCqrsDemo.Application\MyCqrsDemo.Application.csproj", "{15F23A51-5498-40B6-99AA-EC35F63755BF}"
EndProject
Project("{9A19103F-16F7-4668-BE54-9A1E7A4F7556}") = "MyCqrsDemo.Domain", "MyCqrsDemo.Domain\MyCqrsDemo.Domain.csproj", "{F9729CD3-5387-46A6-8EF4-C11EDE421EF1}"
EndProject
Project("{9A19103F-16F7-4668-BE54-9A1E7A4F7556}") = "MyCqrsDemo.Domain.Core", "MyCqrsDemo.Domain.Core\MyCqrsDemo.Domain.Core.csproj", "{D3B6AA8B-CC51-4418-9BEF-20BF9AE75A3F}"
EndProject
Project("{9A19103F-16F7-4668-BE54-9A1E7A4F7556}") = "MyCqrsDemo.Infra.Data", "MyCqrsDemo.Infra.Data\MyCqrsDemo.Infra.Data.csproj", "{417099E6-C799-472A-BAD2-6E0F9FDCE85A}"
EndProject
Project("{FAE04EC0-301F-11D3-BF4B-00C04F79EFBC}") = "MyCqrs.Infra.CrossCutting.Ioc", "MyCqrs.Infra.CrossCutting.Ioc\MyCqrs.Infra.CrossCutting.Ioc.csproj", "{9F01C020-EC33-4DDD-9856-36611BBBEA2E}"
EndProject
Global
	GlobalSection(SolutionConfigurationPlatforms) = preSolution
		Debug|Any CPU = Debug|Any CPU
		Release|Any CPU = Release|Any CPU
	EndGlobalSection
	GlobalSection(ProjectConfigurationPlatforms) = postSolution
		{74ED8B18-9480-4E55-9877-18B6EDD692F4}.Debug|Any CPU.ActiveCfg = Debug|Any CPU
		{74ED8B18-9480-4E55-9877-18B6EDD692F4}.Debug|Any CPU.Build.0 = Debug|Any CPU
		{74ED8B18-9480-4E55-9877-18B6EDD692F4}.Release|Any CPU.ActiveCfg = Release|Any CPU
		{74ED8B18-9480-4E55-9877-18B6EDD692F4}.Release|Any CPU.Build.0 = Release|Any CPU
		{90ED2129-76E3-46E0-A96A-6FC2B8F8A040}.Debug|Any CPU.ActiveCfg = Debug|Any CPU
		{90ED2129-76E3-46E0-A96A-6FC2B8F8A040}.Debug|Any CPU.Build.0 = Debug|Any CPU
		{90ED2129-76E3-46E0-A96A-6FC2B8F8A040}.Release|Any CPU.ActiveCfg = Release|Any CPU
		{90ED2129-76E3-46E0-A96A-6FC2B8F8A040}.Release|Any CPU.Build.0 = Release|Any CPU
		{15F23A51-5498-40B6-99AA-EC35F63755BF}.Debug|Any CPU.ActiveCfg = Debug|Any CPU
		{15F23A51-5498-40B6-99AA-EC35F63755BF}.Debug|Any CPU.Build.0 = Debug|Any CPU
		{15F23A51-5498-40B6-99AA-EC35F63755BF}.Release|Any CPU.ActiveCfg = Release|Any CPU
		{15F23A51-5498-40B6-99AA-EC35F63755BF}.Release|Any CPU.Build.0 = Release|Any CPU
		{F9729CD3-5387-46A6-8EF4-C11EDE421EF1}.Debug|Any CPU.ActiveCfg = Debug|Any CPU
		{F9729CD3-5387-46A6-8EF4-C11EDE421EF1}.Debug|Any CPU.Build.0 = Debug|Any CPU
		{F9729CD3-5387-46A6-8EF4-C11EDE421EF1}.Release|Any CPU.ActiveCfg = Release|Any CPU
		{F9729CD3-5387-46A6-8EF4-C11EDE421EF1}.Release|Any CPU.Build.0 = Release|Any CPU
		{D3B6AA8B-CC51-4418-9BEF-20BF9AE75A3F}.Debug|Any CPU.ActiveCfg = Debug|Any CPU
		{D3B6AA8B-CC51-4418-9BEF-20BF9AE75A3F}.Debug|Any CPU.Build.0 = Debug|Any CPU
		{D3B6AA8B-CC51-4418-9BEF-20BF9AE75A3F}.Release|Any CPU.ActiveCfg = Release|Any CPU
		{D3B6AA8B-CC51-4418-9BEF-20BF9AE75A3F}.Release|Any CPU.Build.0 = Release|Any CPU
		{417099E6-C799-472A-BAD2-6E0F9FDCE85A}.Debug|Any CPU.ActiveCfg = Debug|Any CPU
		{417099E6-C799-472A-BAD2-6E0F9FDCE85A}.Debug|Any CPU.Build.0 = Debug|Any CPU
		{417099E6-C799-472A-BAD2-6E0F9FDCE85A}.Release|Any CPU.ActiveCfg = Release|Any CPU
		{417099E6-C799-472A-BAD2-6E0F9FDCE85A}.Release|Any CPU.Build.0 = Release|Any CPU
		{9F01C020-EC33-4DDD-9856-36611BBBEA2E}.Debug|Any CPU.ActiveCfg = Debug|Any CPU
		{9F01C020-EC33-4DDD-9856-36611BBBEA2E}.Debug|Any CPU.Build.0 = Debug|Any CPU
		{9F01C020-EC33-4DDD-9856-36611BBBEA2E}.Release|Any CPU.ActiveCfg = Release|Any CPU
		{9F01C020-EC33-4DDD-9856-36611BBBEA2E}.Release|Any CPU.Build.0 = Release|Any CPU
	EndGlobalSection
	GlobalSection(SolutionProperties) = preSolution
		HideSolutionNode = FALSE
	EndGlobalSection
	GlobalSection(NestedProjects) = preSolution
		{90ED2129-76E3-46E0-A96A-6FC2B8F8A040} = {C1A8765C-979C-474B-A04C-631C3636F066}
		{9F01C020-EC33-4DDD-9856-36611BBBEA2E} = {C1A8765C-979C-474B-A04C-631C3636F066}
	EndGlobalSection
	GlobalSection(ExtensibilityGlobals) = postSolution
		SolutionGuid = {8D66EC07-50FF-4DA0-B0CC-14AF0F0C0A94}
	EndGlobalSection
EndGlobal
